Microsoft Visual Studio Solution File, Format Version 12.00
# Visual Studio 15
VisualStudioVersion = 15.0.28010.2046
MinimumVisualStudioVersion = 10.0.40219.1
Project("{FAE04EC0-301F-11D3-BF4B-00C04F79EFBC}") = "SimLink_UI_DEV", "UI\SimLink_UI_DEV.csproj", "{1199584F-EA41-4622-ABC6-32558FCF4E03}"
EndProject
Project("{2150E333-8FDC-42A3-9474-1A3956D46DE8}") = "Engine", "Engine", "{8367DD70-6CDD-4C1E-A355-A97C28349284}"
EndProject
Project("{2150E333-8FDC-42A3-9474-1A3956D46DE8}") = "UI", "UI", "{F2FF1C0F-BE89-4DC7-AF8C-12A9AA321765}"
EndProject
Project("{FAE04EC0-301F-11D3-BF4B-00C04F79EFBC}") = "CirrusHTC", "Engine\CirrusHTC\CirrusHTC.csproj", "{E8E839A9-73A2-45D1-8E28-377DEA6C0667}"
EndProject
Project("{FAE04EC0-301F-11D3-BF4B-00C04F79EFBC}") = "dssutl_wrap", "Engine\dssutl_wrap\dssutl_wrap.csproj", "{F085D3E6-DA25-4202-8147-7297A779ABFD}"
EndProject
Project("{FAE04EC0-301F-11D3-BF4B-00C04F79EFBC}") = "Excel_EPP", "Engine\Excel_EPP\Excel_EPP.csproj", "{EA14CEF1-BFD8-4F39-8333-3F8632535EEA}"
EndProject
Project("{FAE04EC0-301F-11D3-BF4B-00C04F79EFBC}") = "Logging", "Engine\Logging\Logging.csproj", "{B6D91CA1-9949-491C-9F4E-5BEFCDA1FA2A}"
EndProject
Project("{FAE04EC0-301F-11D3-BF4B-00C04F79EFBC}") = "muParser_csharp", "Engine\muParser_csharp\muParser_csharp.csproj", "{A8A4C4F7-F9D2-4232-8FDC-581949BD733F}"
EndProject
Project("{FAE04EC0-301F-11D3-BF4B-00C04F79EFBC}") = "SIM_API_LINKS", "Engine\SIM_API_LINKS\SIM_API_LINKS.csproj", "{79206E74-325E-48DD-A070-D604ACBAA077}"
EndProject
Project("{FAE04EC0-301F-11D3-BF4B-00C04F79EFBC}") = "SimClim_WRAP", "Engine\SimClim_WRAP\SimClim_WRAP.csproj", "{670E6269-A359-4551-947D-8E423AC0BC50}"
EndProject
Project("{FAE04EC0-301F-11D3-BF4B-00C04F79EFBC}") = "SimLink_CLI", "Engine\SimLink_CLI\SimLink_CLI.csproj", "{2199CD35-6CDA-4965-936C-F8EFEC434329}"
EndProject
Project("{FAE04EC0-301F-11D3-BF4B-00C04F79EFBC}") = "TimeSeries", "Engine\TimeSeries\TimeSeries.csproj", "{C7852EB3-BA98-4DA0-9B44-06413B905DD3}"
EndProject
Project("{FAE04EC0-301F-11D3-BF4B-00C04F79EFBC}") = "Nini", "Engine\Nini\Source\Nini.csproj", "{9B920C90-08EF-4123-A6B7-5F25CF0F94EC}"
EndProject
Project("{2150E333-8FDC-42A3-9474-1A3956D46DE8}") = "ModelWrappers", "ModelWrappers", "{AC4DFB26-9EB8-469E-A8FA-2150C75F3AAA}"
EndProject
Project("{FAE04EC0-301F-11D3-BF4B-00C04F79EFBC}") = "ExtendSimWrapper", "ModelWrappers\ExtendSimWrapper\ExtendSimWrapper.csproj", "{026FC9C1-14B0-46E0-9E4C-C4A6B429B6AF}"
EndProject
Project("{FAE04EC0-301F-11D3-BF4B-00C04F79EFBC}") = "ExternalData", "Engine\ExternalData\ExternalData.csproj", "{DA13175F-D87D-48FF-84DD-A68025D29EAC}"
	ProjectSection(ProjectDependencies) = postProject
		{C7852EB3-BA98-4DA0-9B44-06413B905DD3} = {C7852EB3-BA98-4DA0-9B44-06413B905DD3}
	EndProjectSection
EndProject
Project("{FAE04EC0-301F-11D3-BF4B-00C04F79EFBC}") = "VissimWrapper", "ModelWrappers\VissimWrapper\VissimWrapper.csproj", "{BA0F84F3-2914-4681-992E-DC9DA1B0C5D3}"
EndProject
Project("{FAE04EC0-301F-11D3-BF4B-00C04F79EFBC}") = "cost_master_wrap", "cost_master_wrap\cost_master_wrap.csproj", "{14050B9D-F35D-43BC-978B-CD9F77FA81DF}"
EndProject
Project("{FAE04EC0-301F-11D3-BF4B-00C04F79EFBC}") = "ICM_BinaryFileReader", "..\icm_bin\ICM_BinaryFileReader\ICM_BinaryFileReader.csproj", "{467B500A-027F-49CA-BF5F-5969CB864A40}"
EndProject
Global
	GlobalSection(SolutionConfigurationPlatforms) = preSolution
		Debug|Any CPU = Debug|Any CPU
		Debug|Mixed Platforms = Debug|Mixed Platforms
		Debug|x64 = Debug|x64
		Debug|x86 = Debug|x86
		Release|Any CPU = Release|Any CPU
		Release|Mixed Platforms = Release|Mixed Platforms
		Release|x64 = Release|x64
		Release|x86 = Release|x86
	EndGlobalSection
	GlobalSection(ProjectConfigurationPlatforms) = postSolution
		{1199584F-EA41-4622-ABC6-32558FCF4E03}.Debug|Any CPU.ActiveCfg = Debug|Any CPU
		{1199584F-EA41-4622-ABC6-32558FCF4E03}.Debug|Any CPU.Build.0 = Debug|Any CPU
		{1199584F-EA41-4622-ABC6-32558FCF4E03}.Debug|Mixed Platforms.ActiveCfg = Debug|Any CPU
		{1199584F-EA41-4622-ABC6-32558FCF4E03}.Debug|x64.ActiveCfg = Debug|Any CPU
		{1199584F-EA41-4622-ABC6-32558FCF4E03}.Debug|x64.Build.0 = Debug|Any CPU
		{1199584F-EA41-4622-ABC6-32558FCF4E03}.Debug|x86.ActiveCfg = Debug|Any CPU
		{1199584F-EA41-4622-ABC6-32558FCF4E03}.Release|Any CPU.ActiveCfg = Release|Any CPU
		{1199584F-EA41-4622-ABC6-32558FCF4E03}.Release|Any CPU.Build.0 = Release|Any CPU
		{1199584F-EA41-4622-ABC6-32558FCF4E03}.Release|Mixed Platforms.ActiveCfg = Release|Any CPU
		{1199584F-EA41-4622-ABC6-32558FCF4E03}.Release|Mixed Platforms.Build.0 = Release|Any CPU
		{1199584F-EA41-4622-ABC6-32558FCF4E03}.Release|x64.ActiveCfg = Release|Any CPU
		{1199584F-EA41-4622-ABC6-32558FCF4E03}.Release|x86.ActiveCfg = Release|Any CPU
		{E8E839A9-73A2-45D1-8E28-377DEA6C0667}.Debug|Any CPU.ActiveCfg = Debug|Any CPU
		{E8E839A9-73A2-45D1-8E28-377DEA6C0667}.Debug|Any CPU.Build.0 = Debug|Any CPU
		{E8E839A9-73A2-45D1-8E28-377DEA6C0667}.Debug|Mixed Platforms.ActiveCfg = Debug|Any CPU
		{E8E839A9-73A2-45D1-8E28-377DEA6C0667}.Debug|Mixed Platforms.Build.0 = Debug|Any CPU
		{E8E839A9-73A2-45D1-8E28-377DEA6C0667}.Debug|x64.ActiveCfg = Debug|x64
		{E8E839A9-73A2-45D1-8E28-377DEA6C0667}.Debug|x64.Build.0 = Debug|x64
		{E8E839A9-73A2-45D1-8E28-377DEA6C0667}.Debug|x86.ActiveCfg = Debug|Any CPU
		{E8E839A9-73A2-45D1-8E28-377DEA6C0667}.Release|Any CPU.ActiveCfg = Release|Any CPU
		{E8E839A9-73A2-45D1-8E28-377DEA6C0667}.Release|Any CPU.Build.0 = Release|Any CPU
		{E8E839A9-73A2-45D1-8E28-377DEA6C0667}.Release|Mixed Platforms.ActiveCfg = Release|Any CPU
		{E8E839A9-73A2-45D1-8E28-377DEA6C0667}.Release|Mixed Platforms.Build.0 = Release|Any CPU
		{E8E839A9-73A2-45D1-8E28-377DEA6C0667}.Release|x64.ActiveCfg = Release|x64
		{E8E839A9-73A2-45D1-8E28-377DEA6C0667}.Release|x64.Build.0 = Release|x64
		{E8E839A9-73A2-45D1-8E28-377DEA6C0667}.Release|x86.ActiveCfg = Release|Any CPU
		{F085D3E6-DA25-4202-8147-7297A779ABFD}.Debug|Any CPU.ActiveCfg = Debug|Any CPU
		{F085D3E6-DA25-4202-8147-7297A779ABFD}.Debug|Any CPU.Build.0 = Debug|Any CPU
		{F085D3E6-DA25-4202-8147-7297A779ABFD}.Debug|Mixed Platforms.ActiveCfg = Debug|Any CPU
		{F085D3E6-DA25-4202-8147-7297A779ABFD}.Debug|x64.ActiveCfg = Debug|Any CPU
		{F085D3E6-DA25-4202-8147-7297A779ABFD}.Debug|x86.ActiveCfg = Debug|Any CPU
		{F085D3E6-DA25-4202-8147-7297A779ABFD}.Release|Any CPU.ActiveCfg = Release|Any CPU
		{F085D3E6-DA25-4202-8147-7297A779ABFD}.Release|Any CPU.Build.0 = Release|Any CPU
		{F085D3E6-DA25-4202-8147-7297A779ABFD}.Release|Mixed Platforms.ActiveCfg = Release|Any CPU
		{F085D3E6-DA25-4202-8147-7297A779ABFD}.Release|Mixed Platforms.Build.0 = Release|Any CPU
		{F085D3E6-DA25-4202-8147-7297A779ABFD}.Release|x64.ActiveCfg = Release|Any CPU
		{F085D3E6-DA25-4202-8147-7297A779ABFD}.Release|x86.ActiveCfg = Release|Any CPU
		{EA14CEF1-BFD8-4F39-8333-3F8632535EEA}.Debug|Any CPU.ActiveCfg = Debug|Any CPU
		{EA14CEF1-BFD8-4F39-8333-3F8632535EEA}.Debug|Any CPU.Build.0 = Debug|Any CPU
		{EA14CEF1-BFD8-4F39-8333-3F8632535EEA}.Debug|Mixed Platforms.ActiveCfg = Debug|Any CPU
		{EA14CEF1-BFD8-4F39-8333-3F8632535EEA}.Debug|x64.ActiveCfg = Debug|Any CPU
		{EA14CEF1-BFD8-4F39-8333-3F8632535EEA}.Debug|x86.ActiveCfg = Debug|Any CPU
		{EA14CEF1-BFD8-4F39-8333-3F8632535EEA}.Release|Any CPU.ActiveCfg = Release|Any CPU
		{EA14CEF1-BFD8-4F39-8333-3F8632535EEA}.Release|Any CPU.Build.0 = Release|Any CPU
		{EA14CEF1-BFD8-4F39-8333-3F8632535EEA}.Release|Mixed Platforms.ActiveCfg = Release|Any CPU
		{EA14CEF1-BFD8-4F39-8333-3F8632535EEA}.Release|x64.ActiveCfg = Release|Any CPU
		{EA14CEF1-BFD8-4F39-8333-3F8632535EEA}.Release|x86.ActiveCfg = Release|Any CPU
		{B6D91CA1-9949-491C-9F4E-5BEFCDA1FA2A}.Debug|Any CPU.ActiveCfg = Debug|Any CPU
		{B6D91CA1-9949-491C-9F4E-5BEFCDA1FA2A}.Debug|Any CPU.Build.0 = Debug|Any CPU
		{B6D91CA1-9949-491C-9F4E-5BEFCDA1FA2A}.Debug|Mixed Platforms.ActiveCfg = Debug|Any CPU
		{B6D91CA1-9949-491C-9F4E-5BEFCDA1FA2A}.Debug|x64.ActiveCfg = Debug|Any CPU
		{B6D91CA1-9949-491C-9F4E-5BEFCDA1FA2A}.Debug|x86.ActiveCfg = Debug|Any CPU
		{B6D91CA1-9949-491C-9F4E-5BEFCDA1FA2A}.Release|Any CPU.ActiveCfg = Release|Any CPU
		{B6D91CA1-9949-491C-9F4E-5BEFCDA1FA2A}.Release|Any CPU.Build.0 = Release|Any CPU
		{B6D91CA1-9949-491C-9F4E-5BEFCDA1FA2A}.Release|Mixed Platforms.ActiveCfg = Release|Any CPU
		{B6D91CA1-9949-491C-9F4E-5BEFCDA1FA2A}.Release|Mixed Platforms.Build.0 = Release|Any CPU
		{B6D91CA1-9949-491C-9F4E-5BEFCDA1FA2A}.Release|x64.ActiveCfg = Release|Any CPU
		{B6D91CA1-9949-491C-9F4E-5BEFCDA1FA2A}.Release|x86.ActiveCfg = Release|Any CPU
		{A8A4C4F7-F9D2-4232-8FDC-581949BD733F}.Debug|Any CPU.ActiveCfg = Debug|Any CPU
		{A8A4C4F7-F9D2-4232-8FDC-581949BD733F}.Debug|Any CPU.Build.0 = Debug|Any CPU
		{A8A4C4F7-F9D2-4232-8FDC-581949BD733F}.Debug|Mixed Platforms.ActiveCfg = Debug|Any CPU
		{A8A4C4F7-F9D2-4232-8FDC-581949BD733F}.Debug|x64.ActiveCfg = Debug|Any CPU
		{A8A4C4F7-F9D2-4232-8FDC-581949BD733F}.Debug|x86.ActiveCfg = Debug|x86
		{A8A4C4F7-F9D2-4232-8FDC-581949BD733F}.Release|Any CPU.ActiveCfg = Release|Any CPU
		{A8A4C4F7-F9D2-4232-8FDC-581949BD733F}.Release|Any CPU.Build.0 = Release|Any CPU
		{A8A4C4F7-F9D2-4232-8FDC-581949BD733F}.Release|Mixed Platforms.ActiveCfg = Release|Any CPU
		{A8A4C4F7-F9D2-4232-8FDC-581949BD733F}.Release|Mixed Platforms.Build.0 = Release|Any CPU
		{A8A4C4F7-F9D2-4232-8FDC-581949BD733F}.Release|x64.ActiveCfg = Release|Any CPU
		{A8A4C4F7-F9D2-4232-8FDC-581949BD733F}.Release|x86.ActiveCfg = Release|Any CPU
		{79206E74-325E-48DD-A070-D604ACBAA077}.Debug|Any CPU.ActiveCfg = Debug|Any CPU
		{79206E74-325E-48DD-A070-D604ACBAA077}.Debug|Any CPU.Build.0 = Debug|Any CPU
		{79206E74-325E-48DD-A070-D604ACBAA077}.Debug|Mixed Platforms.ActiveCfg = Debug|Any CPU
		{79206E74-325E-48DD-A070-D604ACBAA077}.Debug|Mixed Platforms.Build.0 = Debug|Any CPU
		{79206E74-325E-48DD-A070-D604ACBAA077}.Debug|x64.ActiveCfg = Debug|x64
		{79206E74-325E-48DD-A070-D604ACBAA077}.Debug|x64.Build.0 = Debug|x64
		{79206E74-325E-48DD-A070-D604ACBAA077}.Debug|x86.ActiveCfg = Debug|x86
		{79206E74-325E-48DD-A070-D604ACBAA077}.Debug|x86.Build.0 = Debug|x86
		{79206E74-325E-48DD-A070-D604ACBAA077}.Release|Any CPU.ActiveCfg = Release|Any CPU
		{79206E74-325E-48DD-A070-D604ACBAA077}.Release|Any CPU.Build.0 = Release|Any CPU
		{79206E74-325E-48DD-A070-D604ACBAA077}.Release|Mixed Platforms.ActiveCfg = Release|x86
		{79206E74-325E-48DD-A070-D604ACBAA077}.Release|Mixed Platforms.Build.0 = Release|x86
		{79206E74-325E-48DD-A070-D604ACBAA077}.Release|x64.ActiveCfg = Release|x64
		{79206E74-325E-48DD-A070-D604ACBAA077}.Release|x64.Build.0 = Release|x64
		{79206E74-325E-48DD-A070-D604ACBAA077}.Release|x86.ActiveCfg = Release|x86
		{79206E74-325E-48DD-A070-D604ACBAA077}.Release|x86.Build.0 = Release|x86
		{670E6269-A359-4551-947D-8E423AC0BC50}.Debug|Any CPU.ActiveCfg = Debug|Any CPU
		{670E6269-A359-4551-947D-8E423AC0BC50}.Debug|Any CPU.Build.0 = Debug|Any CPU
		{670E6269-A359-4551-947D-8E423AC0BC50}.Debug|Mixed Platforms.ActiveCfg = Debug|Any CPU
		{670E6269-A359-4551-947D-8E423AC0BC50}.Debug|x64.ActiveCfg = Debug|Any CPU
		{670E6269-A359-4551-947D-8E423AC0BC50}.Debug|x86.ActiveCfg = Debug|Any CPU
		{670E6269-A359-4551-947D-8E423AC0BC50}.Release|Any CPU.ActiveCfg = Release|Any CPU
		{670E6269-A359-4551-947D-8E423AC0BC50}.Release|Any CPU.Build.0 = Release|Any CPU
		{670E6269-A359-4551-947D-8E423AC0BC50}.Release|Mixed Platforms.ActiveCfg = Release|Any CPU
		{670E6269-A359-4551-947D-8E423AC0BC50}.Release|Mixed Platforms.Build.0 = Release|Any CPU
		{670E6269-A359-4551-947D-8E423AC0BC50}.Release|x64.ActiveCfg = Release|Any CPU
		{670E6269-A359-4551-947D-8E423AC0BC50}.Release|x86.ActiveCfg = Release|Any CPU
		{2199CD35-6CDA-4965-936C-F8EFEC434329}.Debug|Any CPU.ActiveCfg = Debug|Any CPU
		{2199CD35-6CDA-4965-936C-F8EFEC434329}.Debug|Any CPU.Build.0 = Debug|Any CPU
		{2199CD35-6CDA-4965-936C-F8EFEC434329}.Debug|Mixed Platforms.ActiveCfg = Debug|Any CPU
		{2199CD35-6CDA-4965-936C-F8EFEC434329}.Debug|Mixed Platforms.Build.0 = Debug|Any CPU
		{2199CD35-6CDA-4965-936C-F8EFEC434329}.Debug|x64.ActiveCfg = Debug|Any CPU
		{2199CD35-6CDA-4965-936C-F8EFEC434329}.Debug|x86.ActiveCfg = Debug|x86
		{2199CD35-6CDA-4965-936C-F8EFEC434329}.Debug|x86.Build.0 = Debug|x86
		{2199CD35-6CDA-4965-936C-F8EFEC434329}.Release|Any CPU.ActiveCfg = Release|Any CPU
		{2199CD35-6CDA-4965-936C-F8EFEC434329}.Release|Any CPU.Build.0 = Release|Any CPU
		{2199CD35-6CDA-4965-936C-F8EFEC434329}.Release|Mixed Platforms.ActiveCfg = Release|x86
		{2199CD35-6CDA-4965-936C-F8EFEC434329}.Release|Mixed Platforms.Build.0 = Release|x86
		{2199CD35-6CDA-4965-936C-F8EFEC434329}.Release|x64.ActiveCfg = Release|Any CPU
		{2199CD35-6CDA-4965-936C-F8EFEC434329}.Release|x86.ActiveCfg = Release|x86
		{2199CD35-6CDA-4965-936C-F8EFEC434329}.Release|x86.Build.0 = Release|x86
		{C7852EB3-BA98-4DA0-9B44-06413B905DD3}.Debug|Any CPU.ActiveCfg = Debug|Any CPU
		{C7852EB3-BA98-4DA0-9B44-06413B905DD3}.Debug|Any CPU.Build.0 = Debug|Any CPU
		{C7852EB3-BA98-4DA0-9B44-06413B905DD3}.Debug|Mixed Platforms.ActiveCfg = Debug|Any CPU
		{C7852EB3-BA98-4DA0-9B44-06413B905DD3}.Debug|Mixed Platforms.Build.0 = Debug|Any CPU
		{C7852EB3-BA98-4DA0-9B44-06413B905DD3}.Debug|x64.ActiveCfg = Debug|Any CPU
		{C7852EB3-BA98-4DA0-9B44-06413B905DD3}.Debug|x64.Build.0 = Debug|Any CPU
		{C7852EB3-BA98-4DA0-9B44-06413B905DD3}.Debug|x86.ActiveCfg = Debug|Any CPU
		{C7852EB3-BA98-4DA0-9B44-06413B905DD3}.Release|Any CPU.ActiveCfg = Release|Any CPU
		{C7852EB3-BA98-4DA0-9B44-06413B905DD3}.Release|Any CPU.Build.0 = Release|Any CPU
		{C7852EB3-BA98-4DA0-9B44-06413B905DD3}.Release|Mixed Platforms.ActiveCfg = Release|Any CPU
		{C7852EB3-BA98-4DA0-9B44-06413B905DD3}.Release|Mixed Platforms.Build.0 = Release|Any CPU
		{C7852EB3-BA98-4DA0-9B44-06413B905DD3}.Release|x64.ActiveCfg = Release|Any CPU
		{C7852EB3-BA98-4DA0-9B44-06413B905DD3}.Release|x86.ActiveCfg = Release|Any CPU
		{9B920C90-08EF-4123-A6B7-5F25CF0F94EC}.Debug|Any CPU.ActiveCfg = Debug|Any CPU
		{9B920C90-08EF-4123-A6B7-5F25CF0F94EC}.Debug|Any CPU.Build.0 = Debug|Any CPU
		{9B920C90-08EF-4123-A6B7-5F25CF0F94EC}.Debug|Mixed Platforms.ActiveCfg = Debug|Any CPU
		{9B920C90-08EF-4123-A6B7-5F25CF0F94EC}.Debug|x64.ActiveCfg = Debug|Any CPU
		{9B920C90-08EF-4123-A6B7-5F25CF0F94EC}.Debug|x86.ActiveCfg = Debug|Any CPU
		{9B920C90-08EF-4123-A6B7-5F25CF0F94EC}.Release|Any CPU.ActiveCfg = Release|Any CPU
		{9B920C90-08EF-4123-A6B7-5F25CF0F94EC}.Release|Any CPU.Build.0 = Release|Any CPU
		{9B920C90-08EF-4123-A6B7-5F25CF0F94EC}.Release|Mixed Platforms.ActiveCfg = Release|Any CPU
		{9B920C90-08EF-4123-A6B7-5F25CF0F94EC}.Release|Mixed Platforms.Build.0 = Release|Any CPU
		{9B920C90-08EF-4123-A6B7-5F25CF0F94EC}.Release|x64.ActiveCfg = Release|Any CPU
		{9B920C90-08EF-4123-A6B7-5F25CF0F94EC}.Release|x86.ActiveCfg = Release|Any CPU
		{026FC9C1-14B0-46E0-9E4C-C4A6B429B6AF}.Debug|Any CPU.ActiveCfg = Debug|Any CPU
		{026FC9C1-14B0-46E0-9E4C-C4A6B429B6AF}.Debug|Any CPU.Build.0 = Debug|Any CPU
		{026FC9C1-14B0-46E0-9E4C-C4A6B429B6AF}.Debug|Mixed Platforms.ActiveCfg = Debug|Any CPU
		{026FC9C1-14B0-46E0-9E4C-C4A6B429B6AF}.Debug|Mixed Platforms.Build.0 = Debug|Any CPU
		{026FC9C1-14B0-46E0-9E4C-C4A6B429B6AF}.Debug|x64.ActiveCfg = Debug|Any CPU
		{026FC9C1-14B0-46E0-9E4C-C4A6B429B6AF}.Debug|x86.ActiveCfg = Debug|Any CPU
		{026FC9C1-14B0-46E0-9E4C-C4A6B429B6AF}.Release|Any CPU.ActiveCfg = Release|Any CPU
		{026FC9C1-14B0-46E0-9E4C-C4A6B429B6AF}.Release|Any CPU.Build.0 = Release|Any CPU
		{026FC9C1-14B0-46E0-9E4C-C4A6B429B6AF}.Release|Mixed Platforms.ActiveCfg = Release|Any CPU
		{026FC9C1-14B0-46E0-9E4C-C4A6B429B6AF}.Release|Mixed Platforms.Build.0 = Release|Any CPU
		{026FC9C1-14B0-46E0-9E4C-C4A6B429B6AF}.Release|x64.ActiveCfg = Release|Any CPU
		{026FC9C1-14B0-46E0-9E4C-C4A6B429B6AF}.Release|x86.ActiveCfg = Release|Any CPU
		{DA13175F-D87D-48FF-84DD-A68025D29EAC}.Debug|Any CPU.ActiveCfg = Debug|Any CPU
		{DA13175F-D87D-48FF-84DD-A68025D29EAC}.Debug|Any CPU.Build.0 = Debug|Any CPU
		{DA13175F-D87D-48FF-84DD-A68025D29EAC}.Debug|Mixed Platforms.ActiveCfg = Debug|Any CPU
		{DA13175F-D87D-48FF-84DD-A68025D29EAC}.Debug|Mixed Platforms.Build.0 = Debug|Any CPU
		{DA13175F-D87D-48FF-84DD-A68025D29EAC}.Debug|x64.ActiveCfg = Debug|Any CPU
		{DA13175F-D87D-48FF-84DD-A68025D29EAC}.Debug|x86.ActiveCfg = Debug|Any CPU
		{DA13175F-D87D-48FF-84DD-A68025D29EAC}.Release|Any CPU.ActiveCfg = Release|Any CPU
		{DA13175F-D87D-48FF-84DD-A68025D29EAC}.Release|Any CPU.Build.0 = Release|Any CPU
		{DA13175F-D87D-48FF-84DD-A68025D29EAC}.Release|Mixed Platforms.ActiveCfg = Release|Any CPU
		{DA13175F-D87D-48FF-84DD-A68025D29EAC}.Release|Mixed Platforms.Build.0 = Release|Any CPU
		{DA13175F-D87D-48FF-84DD-A68025D29EAC}.Release|x64.ActiveCfg = Release|Any CPU
		{DA13175F-D87D-48FF-84DD-A68025D29EAC}.Release|x86.ActiveCfg = Release|Any CPU
		{BA0F84F3-2914-4681-992E-DC9DA1B0C5D3}.Debug|Any CPU.ActiveCfg = Debug|Any CPU
		{BA0F84F3-2914-4681-992E-DC9DA1B0C5D3}.Debug|Any CPU.Build.0 = Debug|Any CPU
		{BA0F84F3-2914-4681-992E-DC9DA1B0C5D3}.Debug|Mixed Platforms.ActiveCfg = Debug|Any CPU
		{BA0F84F3-2914-4681-992E-DC9DA1B0C5D3}.Debug|Mixed Platforms.Build.0 = Debug|Any CPU
		{BA0F84F3-2914-4681-992E-DC9DA1B0C5D3}.Debug|x64.ActiveCfg = Debug|Any CPU
		{BA0F84F3-2914-4681-992E-DC9DA1B0C5D3}.Debug|x64.Build.0 = Debug|Any CPU
		{BA0F84F3-2914-4681-992E-DC9DA1B0C5D3}.Debug|x86.ActiveCfg = Debug|Any CPU
		{BA0F84F3-2914-4681-992E-DC9DA1B0C5D3}.Debug|x86.Build.0 = Debug|Any CPU
		{BA0F84F3-2914-4681-992E-DC9DA1B0C5D3}.Release|Any CPU.ActiveCfg = Release|Any CPU
		{BA0F84F3-2914-4681-992E-DC9DA1B0C5D3}.Release|Any CPU.Build.0 = Release|Any CPU
		{BA0F84F3-2914-4681-992E-DC9DA1B0C5D3}.Release|Mixed Platforms.ActiveCfg = Release|Any CPU
		{BA0F84F3-2914-4681-992E-DC9DA1B0C5D3}.Release|Mixed Platforms.Build.0 = Release|Any CPU
		{BA0F84F3-2914-4681-992E-DC9DA1B0C5D3}.Release|x64.ActiveCfg = Release|Any CPU
		{BA0F84F3-2914-4681-992E-DC9DA1B0C5D3}.Release|x64.Build.0 = Release|Any CPU
		{BA0F84F3-2914-4681-992E-DC9DA1B0C5D3}.Release|x86.ActiveCfg = Release|Any CPU
		{BA0F84F3-2914-4681-992E-DC9DA1B0C5D3}.Release|x86.Build.0 = Release|Any CPU
		{14050B9D-F35D-43BC-978B-CD9F77FA81DF}.Debug|Any CPU.ActiveCfg = Debug|Any CPU
		{14050B9D-F35D-43BC-978B-CD9F77FA81DF}.Debug|Any CPU.Build.0 = Debug|Any CPU
		{14050B9D-F35D-43BC-978B-CD9F77FA81DF}.Debug|Mixed Platforms.ActiveCfg = Debug|Any CPU
		{14050B9D-F35D-43BC-978B-CD9F77FA81DF}.Debug|Mixed Platforms.Build.0 = Debug|Any CPU
		{14050B9D-F35D-43BC-978B-CD9F77FA81DF}.Debug|x64.ActiveCfg = Debug|Any CPU
		{14050B9D-F35D-43BC-978B-CD9F77FA81DF}.Debug|x86.ActiveCfg = Debug|Any CPU
		{14050B9D-F35D-43BC-978B-CD9F77FA81DF}.Release|Any CPU.ActiveCfg = Release|Any CPU
		{14050B9D-F35D-43BC-978B-CD9F77FA81DF}.Release|Any CPU.Build.0 = Release|Any CPU
		{14050B9D-F35D-43BC-978B-CD9F77FA81DF}.Release|Mixed Platforms.ActiveCfg = Release|Any CPU
		{14050B9D-F35D-43BC-978B-CD9F77FA81DF}.Release|Mixed Platforms.Build.0 = Release|Any CPU
		{14050B9D-F35D-43BC-978B-CD9F77FA81DF}.Release|x64.ActiveCfg = Release|Any CPU
		{14050B9D-F35D-43BC-978B-CD9F77FA81DF}.Release|x86.ActiveCfg = Release|Any CPU
		{467B500A-027F-49CA-BF5F-5969CB864A40}.Debug|Any CPU.ActiveCfg = Debug|Any CPU
		{467B500A-027F-49CA-BF5F-5969CB864A40}.Debug|Any CPU.Build.0 = Debug|Any CPU
		{467B500A-027F-49CA-BF5F-5969CB864A40}.Debug|Mixed Platforms.ActiveCfg = Debug|Any CPU
		{467B500A-027F-49CA-BF5F-5969CB864A40}.Debug|Mixed Platforms.Build.0 = Debug|Any CPU
		{467B500A-027F-49CA-BF5F-5969CB864A40}.Debug|x64.ActiveCfg = Debug|Any CPU
		{467B500A-027F-49CA-BF5F-5969CB864A40}.Debug|x64.Build.0 = Debug|Any CPU
		{467B500A-027F-49CA-BF5F-5969CB864A40}.Debug|x86.ActiveCfg = Debug|Any CPU
		{467B500A-027F-49CA-BF5F-5969CB864A40}.Debug|x86.Build.0 = Debug|Any CPU
		{467B500A-027F-49CA-BF5F-5969CB864A40}.Release|Any CPU.ActiveCfg = Release|Any CPU
		{467B500A-027F-49CA-BF5F-5969CB864A40}.Release|Any CPU.Build.0 = Release|Any CPU
		{467B500A-027F-49CA-BF5F-5969CB864A40}.Release|Mixed Platforms.ActiveCfg = Release|Any CPU
		{467B500A-027F-49CA-BF5F-5969CB864A40}.Release|Mixed Platforms.Build.0 = Release|Any CPU
		{467B500A-027F-49CA-BF5F-5969CB864A40}.Release|x64.ActiveCfg = Release|Any CPU
		{467B500A-027F-49CA-BF5F-5969CB864A40}.Release|x64.Build.0 = Release|Any CPU
		{467B500A-027F-49CA-BF5F-5969CB864A40}.Release|x86.ActiveCfg = Release|Any CPU
		{467B500A-027F-49CA-BF5F-5969CB864A40}.Release|x86.Build.0 = Release|Any CPU
	EndGlobalSection
	GlobalSection(SolutionProperties) = preSolution
		HideSolutionNode = FALSE
	EndGlobalSection
	GlobalSection(NestedProjects) = preSolution
		{1199584F-EA41-4622-ABC6-32558FCF4E03} = {F2FF1C0F-BE89-4DC7-AF8C-12A9AA321765}
		{E8E839A9-73A2-45D1-8E28-377DEA6C0667} = {8367DD70-6CDD-4C1E-A355-A97C28349284}
		{F085D3E6-DA25-4202-8147-7297A779ABFD} = {8367DD70-6CDD-4C1E-A355-A97C28349284}
		{EA14CEF1-BFD8-4F39-8333-3F8632535EEA} = {8367DD70-6CDD-4C1E-A355-A97C28349284}
		{B6D91CA1-9949-491C-9F4E-5BEFCDA1FA2A} = {8367DD70-6CDD-4C1E-A355-A97C28349284}
		{A8A4C4F7-F9D2-4232-8FDC-581949BD733F} = {8367DD70-6CDD-4C1E-A355-A97C28349284}
		{79206E74-325E-48DD-A070-D604ACBAA077} = {8367DD70-6CDD-4C1E-A355-A97C28349284}
		{670E6269-A359-4551-947D-8E423AC0BC50} = {8367DD70-6CDD-4C1E-A355-A97C28349284}
		{2199CD35-6CDA-4965-936C-F8EFEC434329} = {8367DD70-6CDD-4C1E-A355-A97C28349284}
		{C7852EB3-BA98-4DA0-9B44-06413B905DD3} = {8367DD70-6CDD-4C1E-A355-A97C28349284}
		{9B920C90-08EF-4123-A6B7-5F25CF0F94EC} = {8367DD70-6CDD-4C1E-A355-A97C28349284}
		{026FC9C1-14B0-46E0-9E4C-C4A6B429B6AF} = {AC4DFB26-9EB8-469E-A8FA-2150C75F3AAA}
		{DA13175F-D87D-48FF-84DD-A68025D29EAC} = {8367DD70-6CDD-4C1E-A355-A97C28349284}
		{BA0F84F3-2914-4681-992E-DC9DA1B0C5D3} = {AC4DFB26-9EB8-469E-A8FA-2150C75F3AAA}
		{14050B9D-F35D-43BC-978B-CD9F77FA81DF} = {AC4DFB26-9EB8-469E-A8FA-2150C75F3AAA}
		{467B500A-027F-49CA-BF5F-5969CB864A40} = {AC4DFB26-9EB8-469E-A8FA-2150C75F3AAA}
	EndGlobalSection
	GlobalSection(ExtensibilityGlobals) = postSolution
		SolutionGuid = {6C679420-2181-4D4B-9312-63D41F1BF498}
	EndGlobalSection
EndGlobal
